
Microsoft Visual Studio Solution File, Format Version 12.00
# Visual Studio Version 17
VisualStudioVersion = 17.6.33712.159
MinimumVisualStudioVersion = 10.0.40219.1
Project("{FAE04EC0-301F-11D3-BF4B-00C04F79EFBC}") = "InteliWeb2", "InteliWeb2.csproj", "{6B0928C2-4CD2-425F-B68C-3FBF3A929230}"
EndProject
Global
	GlobalSection(SolutionConfigurationPlatforms) = preSolution
		Debug|Any CPU = Debug|Any CPU
		Release|Any CPU = Release|Any CPU
	EndGlobalSection
	GlobalSection(ProjectConfigurationPlatforms) = postSolution
		{6B0928C2-4CD2-425F-B68C-3FBF3A929230}.Debug|Any CPU.ActiveCfg = Debug|Any CPU
		{6B0928C2-4CD2-425F-B68C-3FBF3A929230}.Debug|Any CPU.Build.0 = Debug|Any CPU
		{6B0928C2-4CD2-425F-B68C-3FBF3A929230}.Release|Any CPU.ActiveCfg = Release|Any CPU
		{6B0928C2-4CD2-425F-B68C-3FBF3A929230}.Release|Any CPU.Build.0 = Release|Any CPU
	EndGlobalSection
	GlobalSection(SolutionProperties) = preSolution
		HideSolutionNode = FALSE
	EndGlobalSection
	GlobalSection(ExtensibilityGlobals) = postSolution
		SolutionGuid = {4158FE0E-438C-4E55-93E6-122D3C7D9252}
	EndGlobalSection
EndGlobal
